
Microsoft Visual Studio Solution File, Format Version 12.00
# Visual Studio 14
VisualStudioVersion = 14.0.25420.1
MinimumVisualStudioVersion = 10.0.40219.1
Project("{2150E333-8FDC-42A3-9474-1A3956D46DE8}") = "1.Servidor Web", "1.Servidor Web", "{DD572926-04C7-4EE1-BA1A-C36A45A8BC40}"
EndProject
Project("{2150E333-8FDC-42A3-9474-1A3956D46DE8}") = "2.Servidor Aplicacion", "2.Servidor Aplicacion", "{498D1CE9-D1A5-40C3-8FAF-9BC777636651}"
EndProject
Project("{2150E333-8FDC-42A3-9474-1A3956D46DE8}") = "3.Transversal", "3.Transversal", "{823A674A-322F-41BD-A4C9-CBEE829D8F5C}"
EndProject
Project("{2150E333-8FDC-42A3-9474-1A3956D46DE8}") = "2.1.Negocio", "2.1.Negocio", "{2122A2CD-9835-4479-838E-805220AB15A2}"
EndProject
Project("{2150E333-8FDC-42A3-9474-1A3956D46DE8}") = "1.1.Presentacion", "1.1.Presentacion", "{13195DB7-4CA7-4CED-AE99-AC2CBD96F0E6}"
EndProject
Project("{2150E333-8FDC-42A3-9474-1A3956D46DE8}") = "2.2.Datos", "2.2.Datos", "{EE8436C1-E5E0-420E-81AB-4E2ECED34C26}"
EndProject
Project("{2150E333-8FDC-42A3-9474-1A3956D46DE8}") = "3.2.Utilitario", "3.2.Utilitario", "{E518C0FE-24DC-4736-B362-B8537794C07D}"
EndProject
Project("{FAE04EC0-301F-11D3-BF4B-00C04F79EFBC}") = "Utilitario.Comun", "Utilitario.Comun\Utilitario.Comun.csproj", "{7A8D8ABA-5014-431E-BF7C-EBC9D0AF2BBF}"
EndProject
Project("{2150E333-8FDC-42A3-9474-1A3956D46DE8}") = "3.1.Entidades", "3.1.Entidades", "{E16D808E-E483-4705-965A-5B2BF0F8AC7A}"
EndProject
Project("{FAE04EC0-301F-11D3-BF4B-00C04F79EFBC}") = "Web.Petcenter", "Web.Petcenter\Web.Petcenter.csproj", "{DB9BAE64-CBB1-4AE7-ABC9-03D09568A70A}"
EndProject
Project("{FAE04EC0-301F-11D3-BF4B-00C04F79EFBC}") = "Negocio.Petcenter", "Negocio.Petcenter\Negocio.Petcenter.csproj", "{65525EAC-003B-4C44-83E2-3E3A2FE5AAD8}"
EndProject
Project("{FAE04EC0-301F-11D3-BF4B-00C04F79EFBC}") = "Datos.Petcenter", "Datos.Petcenter\Datos.Petcenter.csproj", "{88C4BD43-292E-463E-9F7B-8D546A310113}"
EndProject
Project("{FAE04EC0-301F-11D3-BF4B-00C04F79EFBC}") = "Entidades.Petcenter", "Entidades.Petcenter\Entidades.Petcenter.csproj", "{6730707F-8C8A-41E1-A876-E7EF7599C985}"
EndProject
Global
	GlobalSection(SolutionConfigurationPlatforms) = preSolution
		Debug|Any CPU = Debug|Any CPU
		Release|Any CPU = Release|Any CPU
	EndGlobalSection
	GlobalSection(ProjectConfigurationPlatforms) = postSolution
		{7A8D8ABA-5014-431E-BF7C-EBC9D0AF2BBF}.Debug|Any CPU.ActiveCfg = Debug|Any CPU
		{7A8D8ABA-5014-431E-BF7C-EBC9D0AF2BBF}.Debug|Any CPU.Build.0 = Debug|Any CPU
		{7A8D8ABA-5014-431E-BF7C-EBC9D0AF2BBF}.Release|Any CPU.ActiveCfg = Release|Any CPU
		{7A8D8ABA-5014-431E-BF7C-EBC9D0AF2BBF}.Release|Any CPU.Build.0 = Release|Any CPU
		{DB9BAE64-CBB1-4AE7-ABC9-03D09568A70A}.Debug|Any CPU.ActiveCfg = Debug|Any CPU
		{DB9BAE64-CBB1-4AE7-ABC9-03D09568A70A}.Debug|Any CPU.Build.0 = Debug|Any CPU
		{DB9BAE64-CBB1-4AE7-ABC9-03D09568A70A}.Release|Any CPU.ActiveCfg = Release|Any CPU
		{DB9BAE64-CBB1-4AE7-ABC9-03D09568A70A}.Release|Any CPU.Build.0 = Release|Any CPU
		{65525EAC-003B-4C44-83E2-3E3A2FE5AAD8}.Debug|Any CPU.ActiveCfg = Debug|Any CPU
		{65525EAC-003B-4C44-83E2-3E3A2FE5AAD8}.Debug|Any CPU.Build.0 = Debug|Any CPU
		{65525EAC-003B-4C44-83E2-3E3A2FE5AAD8}.Release|Any CPU.ActiveCfg = Release|Any CPU
		{65525EAC-003B-4C44-83E2-3E3A2FE5AAD8}.Release|Any CPU.Build.0 = Release|Any CPU
		{88C4BD43-292E-463E-9F7B-8D546A310113}.Debug|Any CPU.ActiveCfg = Debug|Any CPU
		{88C4BD43-292E-463E-9F7B-8D546A310113}.Debug|Any CPU.Build.0 = Debug|Any CPU
		{88C4BD43-292E-463E-9F7B-8D546A310113}.Release|Any CPU.ActiveCfg = Release|Any CPU
		{88C4BD43-292E-463E-9F7B-8D546A310113}.Release|Any CPU.Build.0 = Release|Any CPU
		{6730707F-8C8A-41E1-A876-E7EF7599C985}.Debug|Any CPU.ActiveCfg = Debug|Any CPU
		{6730707F-8C8A-41E1-A876-E7EF7599C985}.Debug|Any CPU.Build.0 = Debug|Any CPU
		{6730707F-8C8A-41E1-A876-E7EF7599C985}.Release|Any CPU.ActiveCfg = Release|Any CPU
		{6730707F-8C8A-41E1-A876-E7EF7599C985}.Release|Any CPU.Build.0 = Release|Any CPU
	EndGlobalSection
	GlobalSection(SolutionProperties) = preSolution
		HideSolutionNode = FALSE
	EndGlobalSection
	GlobalSection(NestedProjects) = preSolution
		{2122A2CD-9835-4479-838E-805220AB15A2} = {498D1CE9-D1A5-40C3-8FAF-9BC777636651}
		{13195DB7-4CA7-4CED-AE99-AC2CBD96F0E6} = {DD572926-04C7-4EE1-BA1A-C36A45A8BC40}
		{EE8436C1-E5E0-420E-81AB-4E2ECED34C26} = {498D1CE9-D1A5-40C3-8FAF-9BC777636651}
		{E518C0FE-24DC-4736-B362-B8537794C07D} = {823A674A-322F-41BD-A4C9-CBEE829D8F5C}
		{7A8D8ABA-5014-431E-BF7C-EBC9D0AF2BBF} = {E518C0FE-24DC-4736-B362-B8537794C07D}
		{E16D808E-E483-4705-965A-5B2BF0F8AC7A} = {823A674A-322F-41BD-A4C9-CBEE829D8F5C}
		{DB9BAE64-CBB1-4AE7-ABC9-03D09568A70A} = {13195DB7-4CA7-4CED-AE99-AC2CBD96F0E6}
		{65525EAC-003B-4C44-83E2-3E3A2FE5AAD8} = {2122A2CD-9835-4479-838E-805220AB15A2}
		{88C4BD43-292E-463E-9F7B-8D546A310113} = {EE8436C1-E5E0-420E-81AB-4E2ECED34C26}
		{6730707F-8C8A-41E1-A876-E7EF7599C985} = {E16D808E-E483-4705-965A-5B2BF0F8AC7A}
	EndGlobalSection
EndGlobal
